{
  "name": "ws",
  "version": "1.0.0",
  "lockfileVersion": 1,
  "requires": true,
  "dependencies": {
    "bootstrap": {
      "version": "4.4.1",
      "resolved": "https://registry.npmjs.org/bootstrap/-/bootstrap-4.4.1.tgz",
      "integrity": "sha512-tbx5cHubwE6e2ZG7nqM3g/FZ5PQEDMWmMGNrCUBVRPHXTJaH7CBDdsLeu3eCh3B1tzAxTnAbtmrzvWEvT2NNEA=="
    },
    "jquery": {
      "version": "3.4.1",
      "resolved": "https://registry.npmjs.org/jquery/-/jquery-3.4.1.tgz",
      "integrity": "sha512-36+AdBzCL+y6qjw5Tx7HgzeGCzC81MDDgaUP8ld2zhx58HdqXGoBd+tHdrBMiyjGQs0Hxs/MLZTu/eHNJJuWPw=="
    },
    "mdbootstrap": {
      "version": "4.10.0",
      "resolved": "https://registry.npmjs.org/mdbootstrap/-/mdbootstrap-4.10.0.tgz",
      "integrity": "sha512-jpDSrAv9BbqHGFCHf9iQts7dWAuJYT3VFmElLkKpD6cGJ5Pcjv5oiTvfKvFGjVsxWsjLtj7Y0Rh135EYejkaeg=="
    },
    "mjquery": {
      "version": "1.3.1",
      "resolved": "https://registry.npmjs.org/mjquery/-/mjquery-1.3.1.tgz",
      "integrity": "sha1-aIZamkCrjes+hczv9JSei1c6jrc="
    },
    "n3": {
      "version": "1.3.4",
      "resolved": "https://registry.npmjs.org/n3/-/n3-1.3.4.tgz",
      "integrity": "sha512-Eu5EVYGncuwiTlOV1J6p3OFBNSfI84D+fW0o8o5s2aRowO3yRcM4SvqPTOKzCCJutRvaXP0J9GIzwrP6tINm2Q=="
    },
    "popper.js": {
      "version": "1.16.0",
      "resolved": "https://registry.npmjs.org/popper.js/-/popper.js-1.16.0.tgz",
      "integrity": "sha512-+G+EkOPoE5S/zChTpmBSSDYmhXJ5PsW8eMhH8cP/CQHMFPBG/kC9Y5IIw6qNYgdJ+/COf0ddY2li28iHaZRSjw=="
    },
    "sparqljs": {
      "version": "3.0.1",
      "resolved": "https://registry.npmjs.org/sparqljs/-/sparqljs-3.0.1.tgz",
      "integrity": "sha512-1kkmqUctPvHyOcJjRR/NWrwVsJj3DydGgz+QZJWrW+uVtWWAsBk74uUYhHS2M7YMZ0xJmSnpGiWr9C4+urNJFA==",
      "requires": {
        "n3": "^1.0.4"
      }
    }
  }
}
